// !$*UTF8*$!
{
	archiveVersion = 1;
	classes = {
	};
	objectVersion = 46;
	objects = {

/* Begin PBXBuildFile section */
		04B6913216A979B6000D11A9 /* UIKit.framework in Frameworks */ = {isa = PBXBuildFile; fileRef = 04B6913116A979B6000D11A9 /* UIKit.framework */; };
		04B6913416A979B6000D11A9 /* Foundation.framework in Frameworks */ = {isa = PBXBuildFile; fileRef = 04B6913316A979B6000D11A9 /* Foundation.framework */; };
		04B6913616A979B6000D11A9 /* CoreGraphics.framework in Frameworks */ = {isa = PBXBuildFile; fileRef = 04B6913516A979B6000D11A9 /* CoreGraphics.framework */; };
		04B6913C16A979B6000D11A9 /* InfoPlist.strings in Resources */ = {isa = PBXBuildFile; fileRef = 04B6913A16A979B6000D11A9 /* InfoPlist.strings */; };
		04B6913E16A979B6000D11A9 /* main.m in Sources */ = {isa = PBXBuildFile; fileRef = 04B6913D16A979B6000D11A9 /* main.m */; };
		04B6914216A979B6000D11A9 /* AppDelegate.m in Sources */ = {isa = PBXBuildFile; fileRef = 04B6914116A979B6000D11A9 /* AppDelegate.m */; };
		04B6914416A979B6000D11A9 /* Default.png in Resources */ = {isa = PBXBuildFile; fileRef = 04B6914316A979B6000D11A9 /* Default.png */; };
		04B6914616A979B6000D11A9 /* Default@2x.png in Resources */ = {isa = PBXBuildFile; fileRef = 04B6914516A979B6000D11A9 /* Default@2x.png */; };
		04B6914816A979B6000D11A9 /* Default-568h@2x.png in Resources */ = {isa = PBXBuildFile; fileRef = 04B6914716A979B6000D11A9 /* Default-568h@2x.png */; };
		04B6914B16A979B6000D11A9 /* MainStoryboard_iPhone.storyboard in Resources */ = {isa = PBXBuildFile; fileRef = 04B6914916A979B6000D11A9 /* MainStoryboard_iPhone.storyboard */; };
		04B6914E16A979B6000D11A9 /* MainStoryboard_iPad.storyboard in Resources */ = {isa = PBXBuildFile; fileRef = 04B6914C16A979B6000D11A9 /* MainStoryboard_iPad.storyboard */; };
		04B6915116A979B6000D11A9 /* ViewController.mm in Sources */ = {isa = PBXBuildFile; fileRef = 04B6915016A979B6000D11A9 /* ViewController.mm */; };
		04B6915916A979B6000D11A9 /* SenTestingKit.framework in Frameworks */ = {isa = PBXBuildFile; fileRef = 04B6915816A979B6000D11A9 /* SenTestingKit.framework */; };
		04B6915A16A979B6000D11A9 /* UIKit.framework in Frameworks */ = {isa = PBXBuildFile; fileRef = 04B6913116A979B6000D11A9 /* UIKit.framework */; };
		04B6915B16A979B6000D11A9 /* Foundation.framework in Frameworks */ = {isa = PBXBuildFile; fileRef = 04B6913316A979B6000D11A9 /* Foundation.framework */; };
		04B6916316A979B6000D11A9 /* InfoPlist.strings in Resources */ = {isa = PBXBuildFile; fileRef = 04B6916116A979B6000D11A9 /* InfoPlist.strings */; };
		04B6916616A979B6000D11A9 /* qrScannerDemoTests.m in Sources */ = {isa = PBXBuildFile; fileRef = 04B6916516A979B6000D11A9 /* qrScannerDemoTests.m */; };
		04B6917E16A98087000D11A9 /* AddressBook.framework in Frameworks */ = {isa = PBXBuildFile; fileRef = 04B6917D16A98087000D11A9 /* AddressBook.framework */; };
		04B6918016A9808B000D11A9 /* AddressBookUI.framework in Frameworks */ = {isa = PBXBuildFile; fileRef = 04B6917F16A9808B000D11A9 /* AddressBookUI.framework */; };
		04B6918216A98095000D11A9 /* AudioToolbox.framework in Frameworks */ = {isa = PBXBuildFile; fileRef = 04B6918116A98095000D11A9 /* AudioToolbox.framework */; };
		04B6918416A98098000D11A9 /* AVFoundation.framework in Frameworks */ = {isa = PBXBuildFile; fileRef = 04B6918316A98098000D11A9 /* AVFoundation.framework */; };
		04B6918616A980A3000D11A9 /* CoreMedia.framework in Frameworks */ = {isa = PBXBuildFile; fileRef = 04B6918516A980A3000D11A9 /* CoreMedia.framework */; };
		04B6918816A980B1000D11A9 /* CoreVideo.framework in Frameworks */ = {isa = PBXBuildFile; fileRef = 04B6918716A980B1000D11A9 /* CoreVideo.framework */; };
		04B6918A16A980C8000D11A9 /* libiconv.dylib in Frameworks */ = {isa = PBXBuildFile; fileRef = 04B6918916A980C8000D11A9 /* libiconv.dylib */; };
		04B691A916A9B441000D11A9 /* libZXingWidget.a in Frameworks */ = {isa = PBXBuildFile; fileRef = 04B691A616A9B43D000D11A9 /* libZXingWidget.a */; };
/* End PBXBuildFile section */

/* Begin PBXContainerItemProxy section */
		04B6915C16A979B6000D11A9 /* PBXContainerItemProxy */ = {
			isa = PBXContainerItemProxy;
			containerPortal = 04B6912416A979B6000D11A9 /* Project object */;
			proxyType = 1;
			remoteGlobalIDString = 04B6912C16A979B6000D11A9;
			remoteInfo = qrScannerDemo;
		};
		04B691A516A9B43D000D11A9 /* PBXContainerItemProxy */ = {
			isa = PBXContainerItemProxy;
			containerPortal = 04B6919D16A9B43C000D11A9 /* ZXingWidget.xcodeproj */;
			proxyType = 2;
			remoteGlobalIDString = D2AAC07E0554694100DB518D;
			remoteInfo = ZXingWidget;
		};
		04B691A716A9B43D000D11A9 /* PBXContainerItemProxy */ = {
			isa = PBXContainerItemProxy;
			containerPortal = 04B6919D16A9B43C000D11A9 /* ZXingWidget.xcodeproj */;
			proxyType = 2;
			remoteGlobalIDString = 1D60398D13DF7CAD006F4B51;
			remoteInfo = ZXingTests;
		};
/* End PBXContainerItemProxy section */

/* Begin PBXFileReference section */
		04B6912D16A979B6000D11A9 /* qrScannerDemo.app */ = {isa = PBXFileReference; explicitFileType = wrapper.application; includeInIndex = 0; path = qrScannerDemo.app; sourceTree = BUILT_PRODUCTS_DIR; };
		04B6913116A979B6000D11A9 /* UIKit.framework */ = {isa = PBXFileReference; lastKnownFileType = wrapper.framework; name = UIKit.framework; path = System/Library/Frameworks/UIKit.framework; sourceTree = SDKROOT; };
		04B6913316A979B6000D11A9 /* Foundation.framework */ = {isa = PBXFileReference; lastKnownFileType = wrapper.framework; name = Foundation.framework; path = System/Library/Frameworks/Foundation.framework; sourceTree = SDKROOT; };
		04B6913516A979B6000D11A9 /* CoreGraphics.framework */ = {isa = PBXFileReference; lastKnownFileType = wrapper.framework; name = CoreGraphics.framework; path = System/Library/Frameworks/CoreGraphics.framework; sourceTree = SDKROOT; };
		04B6913916A979B6000D11A9 /* qrScannerDemo-Info.plist */ = {isa = PBXFileReference; lastKnownFileType = text.plist.xml; path = "qrScannerDemo-Info.plist"; sourceTree = "<group>"; };
		04B6913B16A979B6000D11A9 /* en */ = {isa = PBXFileReference; lastKnownFileType = text.plist.strings; name = en; path = en.lproj/InfoPlist.strings; sourceTree = "<group>"; };
		04B6913D16A979B6000D11A9 /* main.m */ = {isa = PBXFileReference; lastKnownFileType = sourcecode.c.objc; path = main.m; sourceTree = "<group>"; };
		04B6913F16A979B6000D11A9 /* qrScannerDemo-Prefix.pch */ = {isa = PBXFileReference; lastKnownFileType = sourcecode.c.h; path = "qrScannerDemo-Prefix.pch"; sourceTree = "<group>"; };
		04B6914016A979B6000D11A9 /* AppDelegate.h */ = {isa = PBXFileReference; lastKnownFileType = sourcecode.c.h; path = AppDelegate.h; sourceTree = "<group>"; };
		04B6914116A979B6000D11A9 /* AppDelegate.m */ = {isa = PBXFileReference; lastKnownFileType = sourcecode.c.objc; path = AppDelegate.m; sourceTree = "<group>"; };
		04B6914316A979B6000D11A9 /* Default.png */ = {isa = PBXFileReference; lastKnownFileType = image.png; path = Default.png; sourceTree = "<group>"; };
		04B6914516A979B6000D11A9 /* Default@2x.png */ = {isa = PBXFileReference; lastKnownFileType = image.png; path = "Default@2x.png"; sourceTree = "<group>"; };
		04B6914716A979B6000D11A9 /* Default-568h@2x.png */ = {isa = PBXFileReference; lastKnownFileType = image.png; path = "Default-568h@2x.png"; sourceTree = "<group>"; };
		04B6914A16A979B6000D11A9 /* en */ = {isa = PBXFileReference; lastKnownFileType = file.storyboard; name = en; path = en.lproj/MainStoryboard_iPhone.storyboard; sourceTree = "<group>"; };
		04B6914D16A979B6000D11A9 /* en */ = {isa = PBXFileReference; lastKnownFileType = file.storyboard; name = en; path = en.lproj/MainStoryboard_iPad.storyboard; sourceTree = "<group>"; };
		04B6914F16A979B6000D11A9 /* ViewController.h */ = {isa = PBXFileReference; lastKnownFileType = sourcecode.c.h; path = ViewController.h; sourceTree = "<group>"; };
		04B6915016A979B6000D11A9 /* ViewController.mm */ = {isa = PBXFileReference; lastKnownFileType = sourcecode.cpp.objcpp; path = ViewController.mm; sourceTree = "<group>"; };
		04B6915716A979B6000D11A9 /* qrScannerDemoTests.octest */ = {isa = PBXFileReference; explicitFileType = wrapper.cfbundle; includeInIndex = 0; path = qrScannerDemoTests.octest; sourceTree = BUILT_PRODUCTS_DIR; };
		04B6915816A979B6000D11A9 /* SenTestingKit.framework */ = {isa = PBXFileReference; lastKnownFileType = wrapper.framework; name = SenTestingKit.framework; path = Library/Frameworks/SenTestingKit.framework; sourceTree = DEVELOPER_DIR; };
		04B6916016A979B6000D11A9 /* qrScannerDemoTests-Info.plist */ = {isa = PBXFileReference; lastKnownFileType = text.plist.xml; path = "qrScannerDemoTests-Info.plist"; sourceTree = "<group>"; };
		04B6916216A979B6000D11A9 /* en */ = {isa = PBXFileReference; lastKnownFileType = text.plist.strings; name = en; path = en.lproj/InfoPlist.strings; sourceTree = "<group>"; };
		04B6916416A979B6000D11A9 /* qrScannerDemoTests.h */ = {isa = PBXFileReference; lastKnownFileType = sourcecode.c.h; path = qrScannerDemoTests.h; sourceTree = "<group>"; };
		04B6916516A979B6000D11A9 /* qrScannerDemoTests.m */ = {isa = PBXFileReference; lastKnownFileType = sourcecode.c.objc; path = qrScannerDemoTests.m; sourceTree = "<group>"; };
		04B6917D16A98087000D11A9 /* AddressBook.framework */ = {isa = PBXFileReference; lastKnownFileType = wrapper.framework; name = AddressBook.framework; path = System/Library/Frameworks/AddressBook.framework; sourceTree = SDKROOT; };
		04B6917F16A9808B000D11A9 /* AddressBookUI.framework */ = {isa = PBXFileReference; lastKnownFileType = wrapper.framework; name = AddressBookUI.framework; path = System/Library/Frameworks/AddressBookUI.framework; sourceTree = SDKROOT; };
		04B6918116A98095000D11A9 /* AudioToolbox.framework */ = {isa = PBXFileReference; lastKnownFileType = wrapper.framework; name = AudioToolbox.framework; path = System/Library/Frameworks/AudioToolbox.framework; sourceTree = SDKROOT; };
		04B6918316A98098000D11A9 /* AVFoundation.framework */ = {isa = PBXFileReference; lastKnownFileType = wrapper.framework; name = AVFoundation.framework; path = System/Library/Frameworks/AVFoundation.framework; sourceTree = SDKROOT; };
		04B6918516A980A3000D11A9 /* CoreMedia.framework */ = {isa = PBXFileReference; lastKnownFileType = wrapper.framework; name = CoreMedia.framework; path = System/Library/Frameworks/CoreMedia.framework; sourceTree = SDKROOT; };
		04B6918716A980B1000D11A9 /* CoreVideo.framework */ = {isa = PBXFileReference; lastKnownFileType = wrapper.framework; name = CoreVideo.framework; path = System/Library/Frameworks/CoreVideo.framework; sourceTree = SDKROOT; };
		04B6918916A980C8000D11A9 /* libiconv.dylib */ = {isa = PBXFileReference; lastKnownFileType = "compiled.mach-o.dylib"; name = libiconv.dylib; path = usr/lib/libiconv.dylib; sourceTree = SDKROOT; };
		04B6919D16A9B43C000D11A9 /* ZXingWidget.xcodeproj */ = {isa = PBXFileReference; lastKnownFileType = "wrapper.pb-project"; name = ZXingWidget.xcodeproj; path = zxing/iphone/ZXingWidget/ZXingWidget.xcodeproj; sourceTree = SOURCE_ROOT; };
/* End PBXFileReference section */

/* Begin PBXFrameworksBuildPhase section */
		04B6912A16A979B6000D11A9 /* Frameworks */ = {
			isa = PBXFrameworksBuildPhase;
			buildActionMask = 2147483647;
			files = (
				04B691A916A9B441000D11A9 /* libZXingWidget.a in Frameworks */,
				04B6918A16A980C8000D11A9 /* libiconv.dylib in Frameworks */,
				04B6918816A980B1000D11A9 /* CoreVideo.framework in Frameworks */,
				04B6918616A980A3000D11A9 /* CoreMedia.framework in Frameworks */,
				04B6918416A98098000D11A9 /* AVFoundation.framework in Frameworks */,
				04B6918216A98095000D11A9 /* AudioToolbox.framework in Frameworks */,
				04B6918016A9808B000D11A9 /* AddressBookUI.framework in Frameworks */,
				04B6917E16A98087000D11A9 /* AddressBook.framework in Frameworks */,
				04B6913216A979B6000D11A9 /* UIKit.framework in Frameworks */,
				04B6913416A979B6000D11A9 /* Foundation.framework in Frameworks */,
				04B6913616A979B6000D11A9 /* CoreGraphics.framework in Frameworks */,
			);
			runOnlyForDeploymentPostprocessing = 0;
		};
		04B6915316A979B6000D11A9 /* Frameworks */ = {
			isa = PBXFrameworksBuildPhase;
			buildActionMask = 2147483647;
			files = (
				04B6915916A979B6000D11A9 /* SenTestingKit.framework in Frameworks */,
				04B6915A16A979B6000D11A9 /* UIKit.framework in Frameworks */,
				04B6915B16A979B6000D11A9 /* Foundation.framework in Frameworks */,
			);
			runOnlyForDeploymentPostprocessing = 0;
		};
/* End PBXFrameworksBuildPhase section */

/* Begin PBXGroup section */
		04B6912216A979B6000D11A9 = {
			isa = PBXGroup;
			children = (
				04B6913716A979B6000D11A9 /* qrScannerDemo */,
				04B6915E16A979B6000D11A9 /* qrScannerDemoTests */,
				04B6913016A979B6000D11A9 /* Frameworks */,
				04B6912E16A979B6000D11A9 /* Products */,
			);
			sourceTree = "<group>";
		};
		04B6912E16A979B6000D11A9 /* Products */ = {
			isa = PBXGroup;
			children = (
				04B6912D16A979B6000D11A9 /* qrScannerDemo.app */,
				04B6915716A979B6000D11A9 /* qrScannerDemoTests.octest */,
			);
			name = Products;
			sourceTree = "<group>";
		};
		04B6913016A979B6000D11A9 /* Frameworks */ = {
			isa = PBXGroup;
			children = (
				04B6918916A980C8000D11A9 /* libiconv.dylib */,
				04B6918716A980B1000D11A9 /* CoreVideo.framework */,
				04B6918516A980A3000D11A9 /* CoreMedia.framework */,
				04B6918316A98098000D11A9 /* AVFoundation.framework */,
				04B6918116A98095000D11A9 /* AudioToolbox.framework */,
				04B6917F16A9808B000D11A9 /* AddressBookUI.framework */,
				04B6917D16A98087000D11A9 /* AddressBook.framework */,
				04B6913116A979B6000D11A9 /* UIKit.framework */,
				04B6913316A979B6000D11A9 /* Foundation.framework */,
				04B6913516A979B6000D11A9 /* CoreGraphics.framework */,
				04B6915816A979B6000D11A9 /* SenTestingKit.framework */,
			);
			name = Frameworks;
			sourceTree = "<group>";
		};
		04B6913716A979B6000D11A9 /* qrScannerDemo */ = {
			isa = PBXGroup;
			children = (
				04B6916F16A97EDA000D11A9 /* dependencies */,
				04B6914016A979B6000D11A9 /* AppDelegate.h */,
				04B6914116A979B6000D11A9 /* AppDelegate.m */,
				04B6914916A979B6000D11A9 /* MainStoryboard_iPhone.storyboard */,
				04B6914C16A979B6000D11A9 /* MainStoryboard_iPad.storyboard */,
				04B6914F16A979B6000D11A9 /* ViewController.h */,
				04B6915016A979B6000D11A9 /* ViewController.mm */,
				04B6913816A979B6000D11A9 /* Supporting Files */,
			);
			path = qrScannerDemo;
			sourceTree = "<group>";
		};
		04B6913816A979B6000D11A9 /* Supporting Files */ = {
			isa = PBXGroup;
			children = (
				04B6913916A979B6000D11A9 /* qrScannerDemo-Info.plist */,
				04B6913A16A979B6000D11A9 /* InfoPlist.strings */,
				04B6913D16A979B6000D11A9 /* main.m */,
				04B6913F16A979B6000D11A9 /* qrScannerDemo-Prefix.pch */,
				04B6914316A979B6000D11A9 /* Default.png */,
				04B6914516A979B6000D11A9 /* Default@2x.png */,
				04B6914716A979B6000D11A9 /* Default-568h@2x.png */,
			);
			name = "Supporting Files";
			sourceTree = "<group>";
		};
		04B6915E16A979B6000D11A9 /* qrScannerDemoTests */ = {
			isa = PBXGroup;
			children = (
				04B6916416A979B6000D11A9 /* qrScannerDemoTests.h */,
				04B6916516A979B6000D11A9 /* qrScannerDemoTests.m */,
				04B6915F16A979B6000D11A9 /* Supporting Files */,
			);
			path = qrScannerDemoTests;
			sourceTree = "<group>";
		};
		04B6915F16A979B6000D11A9 /* Supporting Files */ = {
			isa = PBXGroup;
			children = (
				04B6916016A979B6000D11A9 /* qrScannerDemoTests-Info.plist */,
				04B6916116A979B6000D11A9 /* InfoPlist.strings */,
			);
			name = "Supporting Files";
			sourceTree = "<group>";
		};
		04B6916F16A97EDA000D11A9 /* dependencies */ = {
			isa = PBXGroup;
			children = (
				04B6919D16A9B43C000D11A9 /* ZXingWidget.xcodeproj */,
			);
			name = dependencies;
			sourceTree = "<group>";
		};
		04B6919E16A9B43C000D11A9 /* Products */ = {
			isa = PBXGroup;
			children = (
				04B691A616A9B43D000D11A9 /* libZXingWidget.a */,
				04B691A816A9B43D000D11A9 /* ZXingTests.octest */,
			);
			name = Products;
			sourceTree = "<group>";
		};
/* End PBXGroup section */

/* Begin PBXNativeTarget section */
		04B6912C16A979B6000D11A9 /* qrScannerDemo */ = {
			isa = PBXNativeTarget;
			buildConfigurationList = 04B6916916A979B6000D11A9 /* Build configuration list for PBXNativeTarget "qrScannerDemo" */;
			buildPhases = (
				04B6912916A979B6000D11A9 /* Sources */,
				04B6912A16A979B6000D11A9 /* Frameworks */,
				04B6912B16A979B6000D11A9 /* Resources */,
			);
			buildRules = (
			);
			dependencies = (
			);
			name = qrScannerDemo;
			productName = qrScannerDemo;
			productReference = 04B6912D16A979B6000D11A9 /* qrScannerDemo.app */;
			productType = "com.apple.product-type.application";
		};
		04B6915616A979B6000D11A9 /* qrScannerDemoTests */ = {
			isa = PBXNativeTarget;
			buildConfigurationList = 04B6916C16A979B6000D11A9 /* Build configuration list for PBXNativeTarget "qrScannerDemoTests" */;
			buildPhases = (
				04B6915216A979B6000D11A9 /* Sources */,
				04B6915316A979B6000D11A9 /* Frameworks */,
				04B6915416A979B6000D11A9 /* Resources */,
				04B6915516A979B6000D11A9 /* ShellScript */,
			);
			buildRules = (
			);
			dependencies = (
				04B6915D16A979B6000D11A9 /* PBXTargetDependency */,
			);
			name = qrScannerDemoTests;
			productName = qrScannerDemoTests;
			productReference = 04B6915716A979B6000D11A9 /* qrScannerDemoTests.octest */;
			productType = "com.apple.product-type.bundle";
		};
/* End PBXNativeTarget section */

/* Begin PBXProject section */
		04B6912416A979B6000D11A9 /* Project object */ = {
			isa = PBXProject;
			attributes = {
				LastUpgradeCheck = 0450;
				ORGANIZATIONNAME = greenmobile;
			};
			buildConfigurationList = 04B6912716A979B6000D11A9 /* Build configuration list for PBXProject "qrScannerDemo" */;
			compatibilityVersion = "Xcode 3.2";
			developmentRegion = English;
			hasScannedForEncodings = 0;
			knownRegions = (
				en,
			);
			mainGroup = 04B6912216A979B6000D11A9;
			productRefGroup = 04B6912E16A979B6000D11A9 /* Products */;
			projectDirPath = "";
			projectReferences = (
				{
					ProductGroup = 04B6919E16A9B43C000D11A9 /* Products */;
					ProjectRef = 04B6919D16A9B43C000D11A9 /* ZXingWidget.xcodeproj */;
				},
			);
			projectRoot = "";
			targets = (
				04B6912C16A979B6000D11A9 /* qrScannerDemo */,
				04B6915616A979B6000D11A9 /* qrScannerDemoTests */,
			);
		};
/* End PBXProject section */

/* Begin PBXReferenceProxy section */
		04B691A616A9B43D000D11A9 /* libZXingWidget.a */ = {
			isa = PBXReferenceProxy;
			fileType = archive.ar;
			path = libZXingWidget.a;
			remoteRef = 04B691A516A9B43D000D11A9 /* PBXContainerItemProxy */;
			sourceTree = BUILT_PRODUCTS_DIR;
		};
		04B691A816A9B43D000D11A9 /* ZXingTests.octest */ = {
			isa = PBXReferenceProxy;
			fileType = wrapper.cfbundle;
			path = ZXingTests.octest;
			remoteRef = 04B691A716A9B43D000D11A9 /* PBXContainerItemProxy */;
			sourceTree = BUILT_PRODUCTS_DIR;
		};
/* End PBXReferenceProxy section */

/* Begin PBXResourcesBuildPhase section */
		04B6912B16A979B6000D11A9 /* Resources */ = {
			isa = PBXResourcesBuildPhase;
			buildActionMask = 2147483647;
			files = (
				04B6913C16A979B6000D11A9 /* InfoPlist.strings in Resources */,
				04B6914416A979B6000D11A9 /* Default.png in Resources */,
				04B6914616A979B6000D11A9 /* Default@2x.png in Resources */,
				04B6914816A979B6000D11A9 /* Default-568h@2x.png in Resources */,
				04B6914B16A979B6000D11A9 /* MainStoryboard_iPhone.storyboard in Resources */,
				04B6914E16A979B6000D11A9 /* MainStoryboard_iPad.storyboard in Resources */,
			);
			runOnlyForDeploymentPostprocessing = 0;
		};
		04B6915416A979B6000D11A9 /* Resources */ = {
			isa = PBXResourcesBuildPhase;
			buildActionMask = 2147483647;
			files = (
				04B6916316A979B6000D11A9 /* InfoPlist.strings in Resources */,
			);
			runOnlyForDeploymentPostprocessing = 0;
		};
/* End PBXResourcesBuildPhase section */

/* Begin PBXShellScriptBuildPhase section */
		04B6915516A979B6000D11A9 /* ShellScript */ = {
			isa = PBXShellScriptBuildPhase;
			buildActionMask = 2147483647;
			files = (
			);
			inputPaths = (
			);
			outputPaths = (
			);
			runOnlyForDeploymentPostprocessing = 0;
			shellPath = /bin/sh;
			shellScript = "# Run the unit tests in this test bundle.\n\"${SYSTEM_DEVELOPER_DIR}/Tools/RunUnitTests\"\n";
		};
/* End PBXShellScriptBuildPhase section */

/* Begin PBXSourcesBuildPhase section */
		04B6912916A979B6000D11A9 /* Sources */ = {
			isa = PBXSourcesBuildPhase;
			buildActionMask = 2147483647;
			files = (
				04B6913E16A979B6000D11A9 /* main.m in Sources */,
				04B6914216A979B6000D11A9 /* AppDelegate.m in Sources */,
				04B6915116A979B6000D11A9 /* ViewController.mm in Sources */,
			);
			runOnlyForDeploymentPostprocessing = 0;
		};
		04B6915216A979B6000D11A9 /* Sources */ = {
			isa = PBXSourcesBuildPhase;
			buildActionMask = 2147483647;
			files = (
				04B6916616A979B6000D11A9 /* qrScannerDemoTests.m in Sources */,
			);
			runOnlyForDeploymentPostprocessing = 0;
		};
/* End PBXSourcesBuildPhase section */

/* Begin PBXTargetDependency section */
		04B6915D16A979B6000D11A9 /* PBXTargetDependency */ = {
			isa = PBXTargetDependency;
			target = 04B6912C16A979B6000D11A9 /* qrScannerDemo */;
			targetProxy = 04B6915C16A979B6000D11A9 /* PBXContainerItemProxy */;
		};
/* End PBXTargetDependency section */

/* Begin PBXVariantGroup section */
		04B6913A16A979B6000D11A9 /* InfoPlist.strings */ = {
			isa = PBXVariantGroup;
			children = (
				04B6913B16A979B6000D11A9 /* en */,
			);
			name = InfoPlist.strings;
			sourceTree = "<group>";
		};
		04B6914916A979B6000D11A9 /* MainStoryboard_iPhone.storyboard */ = {
			isa = PBXVariantGroup;
			children = (
				04B6914A16A979B6000D11A9 /* en */,
			);
			name = MainStoryboard_iPhone.storyboard;
			sourceTree = "<group>";
		};
		04B6914C16A979B6000D11A9 /* MainStoryboard_iPad.storyboard */ = {
			isa = PBXVariantGroup;
			children = (
				04B6914D16A979B6000D11A9 /* en */,
			);
			name = MainStoryboard_iPad.storyboard;
			sourceTree = "<group>";
		};
		04B6916116A979B6000D11A9 /* InfoPlist.strings */ = {
			isa = PBXVariantGroup;
			children = (
				04B6916216A979B6000D11A9 /* en */,
			);
			name = InfoPlist.strings;
			sourceTree = "<group>";
		};
/* End PBXVariantGroup section */

/* Begin XCBuildConfiguration section */
		04B6916716A979B6000D11A9 /* Debug */ = {
			isa = XCBuildConfiguration;
			buildSettings = {
				ALWAYS_SEARCH_USER_PATHS = YES;
				CLANG_CXX_LANGUAGE_STANDARD = "gnu++0x";
				CLANG_CXX_LIBRARY = "compiler-default";
				CLANG_ENABLE_OBJC_ARC = YES;
				CLANG_WARN_EMPTY_BODY = YES;
				CLANG_WARN__DUPLICATE_METHOD_MATCH = YES;
				"CODE_SIGN_IDENTITY[sdk=iphoneos*]" = "iPhone Developer";
				COPY_PHASE_STRIP = NO;
				GCC_C_LANGUAGE_STANDARD = "compiler-default";
				GCC_DYNAMIC_NO_PIC = NO;
				GCC_OPTIMIZATION_LEVEL = 0;
				GCC_PREPROCESSOR_DEFINITIONS = (
					"DEBUG=1",
					"$(inherited)",
				);
				GCC_SYMBOLS_PRIVATE_EXTERN = NO;
				GCC_WARN_ABOUT_RETURN_TYPE = YES;
				GCC_WARN_UNINITIALIZED_AUTOS = YES;
				GCC_WARN_UNUSED_VARIABLE = YES;
				HEADER_SEARCH_PATHS = (
					"zxing/iphone/ZXingWidget/Classes/**",
					"zxing/cpp/core/src/**",
				);
				IPHONEOS_DEPLOYMENT_TARGET = 6.0;
				ONLY_ACTIVE_ARCH = YES;
				SDKROOT = iphoneos;
				TARGETED_DEVICE_FAMILY = "1,2";
				USER_HEADER_SEARCH_PATHS = "../zxing/cpp/core/src/**";
				VALID_ARCHS = "armv7s armv7";
			};
			name = Debug;
		};
		04B6916816A979B6000D11A9 /* Release */ = {
			isa = XCBuildConfiguration;
			buildSettings = {
				ALWAYS_SEARCH_USER_PATHS = YES;
				CLANG_CXX_LANGUAGE_STANDARD = "gnu++0x";
				CLANG_CXX_LIBRARY = "compiler-default";
				CLANG_ENABLE_OBJC_ARC = YES;
				CLANG_WARN_EMPTY_BODY = YES;
				CLANG_WARN__DUPLICATE_METHOD_MATCH = YES;
				"CODE_SIGN_IDENTITY[sdk=iphoneos*]" = "iPhone Developer";
				COPY_PHASE_STRIP = YES;
				GCC_C_LANGUAGE_STANDARD = "compiler-default";
				GCC_WARN_ABOUT_RETURN_TYPE = YES;
				GCC_WARN_UNINITIALIZED_AUTOS = YES;
				GCC_WARN_UNUSED_VARIABLE = YES;
				HEADER_SEARCH_PATHS = (
					"zxing/iphone/ZXingWidget/Classes/**",
					"zxing/cpp/core/src/**",
				);
				IPHONEOS_DEPLOYMENT_TARGET = 6.0;
				OTHER_CFLAGS = "-DNS_BLOCK_ASSERTIONS=1";
				SDKROOT = iphoneos;
				TARGETED_DEVICE_FAMILY = "1,2";
				USER_HEADER_SEARCH_PATHS = "../zxing/cpp/core/src/**";
				VALIDATE_PRODUCT = YES;
				VALID_ARCHS = "armv7s armv7";
			};
			name = Release;
		};
		04B6916A16A979B6000D11A9 /* Debug */ = {
			isa = XCBuildConfiguration;
			buildSettings = {
				GCC_PRECOMPILE_PREFIX_HEADER = YES;
				GCC_PREFIX_HEADER = "qrScannerDemo/qrScannerDemo-Prefix.pch";
				HEADER_SEARCH_PATHS = "";
				"HEADER_SEARCH_PATHS[arch=*]" = "";
				INFOPLIST_FILE = "qrScannerDemo/qrScannerDemo-Info.plist";
				PRODUCT_NAME = "$(TARGET_NAME)";
				USER_HEADER_SEARCH_PATHS = "$(SRCROOT)/zxing/iphone/ZXingWidget/Classes/** $(SRCROOT)/zxing/cpp/core/src/**";
				WRAPPER_EXTENSION = app;
			};
			name = Debug;
		};
		04B6916B16A979B6000D11A9 /* Release */ = {
			isa = XCBuildConfiguration;
			buildSettings = {
				GCC_PRECOMPILE_PREFIX_HEADER = YES;
				GCC_PREFIX_HEADER = "qrScannerDemo/qrScannerDemo-Prefix.pch";
				HEADER_SEARCH_PATHS = "";
				INFOPLIST_FILE = "qrScannerDemo/qrScannerDemo-Info.plist";
				PRODUCT_NAME = "$(TARGET_NAME)";
				USER_HEADER_SEARCH_PATHS = "$(SRCROOT)/zxing/iphone/ZXingWidget/Classes/** $(SRCROOT)/zxing/cpp/core/src/**";
				WRAPPER_EXTENSION = app;
			};
			name = Release;
		};
		04B6916D16A979B6000D11A9 /* Debug */ = {
			isa = XCBuildConfiguration;
			buildSettings = {
				BUNDLE_LOADER = "$(BUILT_PRODUCTS_DIR)/qrScannerDemo.app/qrScannerDemo";
				FRAMEWORK_SEARCH_PATHS = (
					"\"$(SDKROOT)/Developer/Library/Frameworks\"",
					"\"$(DEVELOPER_LIBRARY_DIR)/Frameworks\"",
				);
				GCC_PRECOMPILE_PREFIX_HEADER = YES;
				GCC_PREFIX_HEADER = "qrScannerDemo/qrScannerDemo-Prefix.pch";
				INFOPLIST_FILE = "qrScannerDemoTests/qrScannerDemoTests-Info.plist";
				PRODUCT_NAME = "$(TARGET_NAME)";
				TEST_HOST = "$(BUNDLE_LOADER)";
				WRAPPER_EXTENSION = octest;
			};
			name = Debug;
		};
		04B6916E16A979B6000D11A9 /* Release */ = {
			isa = XCBuildConfiguration;
			buildSettings = {
				BUNDLE_LOADER = "$(BUILT_PRODUCTS_DIR)/qrScannerDemo.app/qrScannerDemo";
				FRAMEWORK_SEARCH_PATHS = (
					"\"$(SDKROOT)/Developer/Library/Frameworks\"",
					"\"$(DEVELOPER_LIBRARY_DIR)/Frameworks\"",
				);
				GCC_PRECOMPILE_PREFIX_HEADER = YES;
				GCC_PREFIX_HEADER = "qrScannerDemo/qrScannerDemo-Prefix.pch";
				INFOPLIST_FILE = "qrScannerDemoTests/qrScannerDemoTests-Info.plist";
				PRODUCT_NAME = "$(TARGET_NAME)";
				TEST_HOST = "$(BUNDLE_LOADER)";
				WRAPPER_EXTENSION = octest;
			};
			name = Release;
		};
/* End XCBuildConfiguration section */

/* Begin XCConfigurationList section */
		04B6912716A979B6000D11A9 /* Build configuration list for PBXProject "qrScannerDemo" */ = {
			isa = XCConfigurationList;
			buildConfigurations = (
				04B6916716A979B6000D11A9 /* Debug */,
				04B6916816A979B6000D11A9 /* Release */,
			);
			defaultConfigurationIsVisible = 0;
			defaultConfigurationName = Release;
		};
		04B6916916A979B6000D11A9 /* Build configuration list for PBXNativeTarget "qrScannerDemo" */ = {
			isa = XCConfigurationList;
			buildConfigurations = (
				04B6916A16A979B6000D11A9 /* Debug */,
				04B6916B16A979B6000D11A9 /* Release */,
			);
			defaultConfigurationIsVisible = 0;
			defaultConfigurationName = Release;
		};
		04B6916C16A979B6000D11A9 /* Build configuration list for PBXNativeTarget "qrScannerDemoTests" */ = {
			isa = XCConfigurationList;
			buildConfigurations = (
				04B6916D16A979B6000D11A9 /* Debug */,
				04B6916E16A979B6000D11A9 /* Release */,
			);
			defaultConfigurationIsVisible = 0;
			defaultConfigurationName = Release;
		};
/* End XCConfigurationList section */
	};
	rootObject = 04B6912416A979B6000D11A9 /* Project object */;
}
